// !$*UTF8*$!
{
	archiveVersion = 1;
	classes = {
	};
	objectVersion = 50;
	objects = {

/* Begin PBXBuildFile section */
		2D42466822431ACB0016AF5D /* APIManager.swift in Sources */ = {isa = PBXBuildFile; fileRef = 2D42466722431ACB0016AF5D /* APIManager.swift */; };
		2D52D17B22505E9B00495843 /* OrderDetailViewController.swift in Sources */ = {isa = PBXBuildFile; fileRef = 2D52D17A22505E9B00495843 /* OrderDetailViewController.swift */; };
		2D52D17D2250674400495843 /* OrderDetailViewModel.swift in Sources */ = {isa = PBXBuildFile; fileRef = 2D52D17C2250674400495843 /* OrderDetailViewModel.swift */; };
		2D52D17F22506D3A00495843 /* OrderDetail.swift in Sources */ = {isa = PBXBuildFile; fileRef = 2D52D17E22506D3A00495843 /* OrderDetail.swift */; };
		2D6852CE224433E8002CFB55 /* Token.swift in Sources */ = {isa = PBXBuildFile; fileRef = 2D6852CD224433E8002CFB55 /* Token.swift */; };
		2D6852D522444D62002CFB55 /* TextFieldCustom.swift in Sources */ = {isa = PBXBuildFile; fileRef = 2D6852D422444D62002CFB55 /* TextFieldCustom.swift */; };
		2D6852D72245A215002CFB55 /* LoginViewController+LoginViewDelegate.swift in Sources */ = {isa = PBXBuildFile; fileRef = 2D6852D62245A215002CFB55 /* LoginViewController+LoginViewDelegate.swift */; };
		2D6852D92245A33B002CFB55 /* LoginViewModel.swift in Sources */ = {isa = PBXBuildFile; fileRef = 2D6852D82245A33B002CFB55 /* LoginViewModel.swift */; };
		2D6852DE2245F4BA002CFB55 /* OrderListViewController.swift in Sources */ = {isa = PBXBuildFile; fileRef = 2D6852DD2245F4BA002CFB55 /* OrderListViewController.swift */; };
		2D7C15D82251496D00A0EEF7 /* BorderedLabel.swift in Sources */ = {isa = PBXBuildFile; fileRef = 2D7C15D72251496D00A0EEF7 /* BorderedLabel.swift */; };
		2D7C15DA2251577500A0EEF7 /* OrderDetailViewController+DetailViewDelgate.swift in Sources */ = {isa = PBXBuildFile; fileRef = 2D7C15D92251577500A0EEF7 /* OrderDetailViewController+DetailViewDelgate.swift */; };
		2D965B44224C19E10035D72E /* Order.swift in Sources */ = {isa = PBXBuildFile; fileRef = 2D965B43224C19E10035D72E /* Order.swift */; };
		2DAF60A4224D6B4600F23689 /* OrderCell.swift in Sources */ = {isa = PBXBuildFile; fileRef = 2DAF60A3224D6B4600F23689 /* OrderCell.swift */; };
		2DAF60A7224D6DF200F23689 /* OrderListViewController+TableView.swift in Sources */ = {isa = PBXBuildFile; fileRef = 2DAF60A6224D6DF200F23689 /* OrderListViewController+TableView.swift */; };
		2DAF60A9224DAB0F00F23689 /* CustomTypes.swift in Sources */ = {isa = PBXBuildFile; fileRef = 2DAF60A8224DAB0F00F23689 /* CustomTypes.swift */; };
		2DD1932722430E4A00304761 /* AppDelegate.swift in Sources */ = {isa = PBXBuildFile; fileRef = 2DD1932622430E4A00304761 /* AppDelegate.swift */; };
		2DD1932922430E4A00304761 /* LoginViewController.swift in Sources */ = {isa = PBXBuildFile; fileRef = 2DD1932822430E4A00304761 /* LoginViewController.swift */; };
		2DD1932C22430E4A00304761 /* Main.storyboard in Resources */ = {isa = PBXBuildFile; fileRef = 2DD1932A22430E4A00304761 /* Main.storyboard */; };
		2DD1932F22430E4A00304761 /* WirecardTest.xcdatamodeld in Sources */ = {isa = PBXBuildFile; fileRef = 2DD1932D22430E4A00304761 /* WirecardTest.xcdatamodeld */; };
		2DD1933122430E4C00304761 /* Assets.xcassets in Resources */ = {isa = PBXBuildFile; fileRef = 2DD1933022430E4C00304761 /* Assets.xcassets */; };
		2DD1933422430E4C00304761 /* LaunchScreen.storyboard in Resources */ = {isa = PBXBuildFile; fileRef = 2DD1933222430E4C00304761 /* LaunchScreen.storyboard */; };
		2DD1933F22430E4C00304761 /* WirecardTestTests.swift in Sources */ = {isa = PBXBuildFile; fileRef = 2DD1933E22430E4C00304761 /* WirecardTestTests.swift */; };
		2DD1934A22430E4C00304761 /* WirecardTestUITests.swift in Sources */ = {isa = PBXBuildFile; fileRef = 2DD1934922430E4C00304761 /* WirecardTestUITests.swift */; };
		2DE8BA18224AE1A100352BBD /* OrderListViewController+OrderListDelegate.swift in Sources */ = {isa = PBXBuildFile; fileRef = 2DE8BA17224AE1A100352BBD /* OrderListViewController+OrderListDelegate.swift */; };
		2DE8BA1B224AE38A00352BBD /* ActivityIndicatorDelegate.swift in Sources */ = {isa = PBXBuildFile; fileRef = 2DE8BA1A224AE38A00352BBD /* ActivityIndicatorDelegate.swift */; };
		2DE8BA1D224AF13D00352BBD /* OrderListViewModel.swift in Sources */ = {isa = PBXBuildFile; fileRef = 2DE8BA1C224AF13D00352BBD /* OrderListViewModel.swift */; };
		6902BD8C6FFECFCD84E33123 /* Pods_WirecardTestTests.framework in Frameworks */ = {isa = PBXBuildFile; fileRef = D5EFFA3523D54CBF68A56D7B /* Pods_WirecardTestTests.framework */; };
		7F329D25DCBFC65B73510BF3 /* Pods_WirecardTest.framework in Frameworks */ = {isa = PBXBuildFile; fileRef = B52C91E482BD44162A10E8FA /* Pods_WirecardTest.framework */; };
		A7B486FC22E757AD29A4C9F9 /* Pods_WirecardTestUITests.framework in Frameworks */ = {isa = PBXBuildFile; fileRef = 50CCDAF7B4259EC65603D683 /* Pods_WirecardTestUITests.framework */; };
/* End PBXBuildFile section */

/* Begin PBXContainerItemProxy section */
		2DD1933B22430E4C00304761 /* PBXContainerItemProxy */ = {
			isa = PBXContainerItemProxy;
			containerPortal = 2DD1931B22430E4A00304761 /* Project object */;
			proxyType = 1;
			remoteGlobalIDString = 2DD1932222430E4A00304761;
			remoteInfo = WirecardTest;
		};
		2DD1934622430E4C00304761 /* PBXContainerItemProxy */ = {
			isa = PBXContainerItemProxy;
			containerPortal = 2DD1931B22430E4A00304761 /* Project object */;
			proxyType = 1;
			remoteGlobalIDString = 2DD1932222430E4A00304761;
			remoteInfo = WirecardTest;
		};
/* End PBXContainerItemProxy section */

/* Begin PBXFileReference section */
		28EAB55446FB1768ABBA3C11 /* Pods-WirecardTestUITests.release.xcconfig */ = {isa = PBXFileReference; includeInIndex = 1; lastKnownFileType = text.xcconfig; name = "Pods-WirecardTestUITests.release.xcconfig"; path = "Pods/Target Support Files/Pods-WirecardTestUITests/Pods-WirecardTestUITests.release.xcconfig"; sourceTree = "<group>"; };
		2D42466722431ACB0016AF5D /* APIManager.swift */ = {isa = PBXFileReference; lastKnownFileType = sourcecode.swift; path = APIManager.swift; sourceTree = "<group>"; };
		2D52D17A22505E9B00495843 /* OrderDetailViewController.swift */ = {isa = PBXFileReference; lastKnownFileType = sourcecode.swift; path = OrderDetailViewController.swift; sourceTree = "<group>"; };
		2D52D17C2250674400495843 /* OrderDetailViewModel.swift */ = {isa = PBXFileReference; lastKnownFileType = sourcecode.swift; path = OrderDetailViewModel.swift; sourceTree = "<group>"; };
		2D52D17E22506D3A00495843 /* OrderDetail.swift */ = {isa = PBXFileReference; lastKnownFileType = sourcecode.swift; path = OrderDetail.swift; sourceTree = "<group>"; };
		2D6852CD224433E8002CFB55 /* Token.swift */ = {isa = PBXFileReference; lastKnownFileType = sourcecode.swift; path = Token.swift; sourceTree = "<group>"; };
		2D6852D422444D62002CFB55 /* TextFieldCustom.swift */ = {isa = PBXFileReference; lastKnownFileType = sourcecode.swift; path = TextFieldCustom.swift; sourceTree = "<group>"; };
		2D6852D62245A215002CFB55 /* LoginViewController+LoginViewDelegate.swift */ = {isa = PBXFileReference; lastKnownFileType = sourcecode.swift; path = "LoginViewController+LoginViewDelegate.swift"; sourceTree = "<group>"; };
		2D6852D82245A33B002CFB55 /* LoginViewModel.swift */ = {isa = PBXFileReference; lastKnownFileType = sourcecode.swift; path = LoginViewModel.swift; sourceTree = "<group>"; };
		2D6852DD2245F4BA002CFB55 /* OrderListViewController.swift */ = {isa = PBXFileReference; lastKnownFileType = sourcecode.swift; path = OrderListViewController.swift; sourceTree = "<group>"; };
		2D7C15D72251496D00A0EEF7 /* BorderedLabel.swift */ = {isa = PBXFileReference; lastKnownFileType = sourcecode.swift; path = BorderedLabel.swift; sourceTree = "<group>"; };
		2D7C15D92251577500A0EEF7 /* OrderDetailViewController+DetailViewDelgate.swift */ = {isa = PBXFileReference; lastKnownFileType = sourcecode.swift; path = "OrderDetailViewController+DetailViewDelgate.swift"; sourceTree = "<group>"; };
		2D965B43224C19E10035D72E /* Order.swift */ = {isa = PBXFileReference; lastKnownFileType = sourcecode.swift; path = Order.swift; sourceTree = "<group>"; };
		2DAF60A3224D6B4600F23689 /* OrderCell.swift */ = {isa = PBXFileReference; lastKnownFileType = sourcecode.swift; path = OrderCell.swift; sourceTree = "<group>"; };
		2DAF60A6224D6DF200F23689 /* OrderListViewController+TableView.swift */ = {isa = PBXFileReference; lastKnownFileType = sourcecode.swift; path = "OrderListViewController+TableView.swift"; sourceTree = "<group>"; };
		2DAF60A8224DAB0F00F23689 /* CustomTypes.swift */ = {isa = PBXFileReference; lastKnownFileType = sourcecode.swift; path = CustomTypes.swift; sourceTree = "<group>"; };
		2DD1932322430E4A00304761 /* WirecardTest.app */ = {isa = PBXFileReference; explicitFileType = wrapper.application; includeInIndex = 0; path = WirecardTest.app; sourceTree = BUILT_PRODUCTS_DIR; };
		2DD1932622430E4A00304761 /* AppDelegate.swift */ = {isa = PBXFileReference; lastKnownFileType = sourcecode.swift; path = AppDelegate.swift; sourceTree = "<group>"; };
		2DD1932822430E4A00304761 /* LoginViewController.swift */ = {isa = PBXFileReference; lastKnownFileType = sourcecode.swift; path = LoginViewController.swift; sourceTree = "<group>"; };
		2DD1932B22430E4A00304761 /* Base */ = {isa = PBXFileReference; lastKnownFileType = file.storyboard; name = Base; path = Base.lproj/Main.storyboard; sourceTree = "<group>"; };
		2DD1932E22430E4A00304761 /* WirecardTest.xcdatamodel */ = {isa = PBXFileReference; lastKnownFileType = wrapper.xcdatamodel; path = WirecardTest.xcdatamodel; sourceTree = "<group>"; };
		2DD1933022430E4C00304761 /* Assets.xcassets */ = {isa = PBXFileReference; lastKnownFileType = folder.assetcatalog; path = Assets.xcassets; sourceTree = "<group>"; };
		2DD1933322430E4C00304761 /* Base */ = {isa = PBXFileReference; lastKnownFileType = file.storyboard; name = Base; path = Base.lproj/LaunchScreen.storyboard; sourceTree = "<group>"; };
		2DD1933522430E4C00304761 /* Info.plist */ = {isa = PBXFileReference; lastKnownFileType = text.plist.xml; path = Info.plist; sourceTree = "<group>"; };
		2DD1933A22430E4C00304761 /* WirecardTestTests.xctest */ = {isa = PBXFileReference; explicitFileType = wrapper.cfbundle; includeInIndex = 0; path = WirecardTestTests.xctest; sourceTree = BUILT_PRODUCTS_DIR; };
		2DD1933E22430E4C00304761 /* WirecardTestTests.swift */ = {isa = PBXFileReference; lastKnownFileType = sourcecode.swift; path = WirecardTestTests.swift; sourceTree = "<group>"; };
		2DD1934022430E4C00304761 /* Info.plist */ = {isa = PBXFileReference; lastKnownFileType = text.plist.xml; path = Info.plist; sourceTree = "<group>"; };
		2DD1934522430E4C00304761 /* WirecardTestUITests.xctest */ = {isa = PBXFileReference; explicitFileType = wrapper.cfbundle; includeInIndex = 0; path = WirecardTestUITests.xctest; sourceTree = BUILT_PRODUCTS_DIR; };
		2DD1934922430E4C00304761 /* WirecardTestUITests.swift */ = {isa = PBXFileReference; lastKnownFileType = sourcecode.swift; path = WirecardTestUITests.swift; sourceTree = "<group>"; };
		2DD1934B22430E4C00304761 /* Info.plist */ = {isa = PBXFileReference; lastKnownFileType = text.plist.xml; path = Info.plist; sourceTree = "<group>"; };
		2DE8BA17224AE1A100352BBD /* OrderListViewController+OrderListDelegate.swift */ = {isa = PBXFileReference; lastKnownFileType = sourcecode.swift; path = "OrderListViewController+OrderListDelegate.swift"; sourceTree = "<group>"; };
		2DE8BA1A224AE38A00352BBD /* ActivityIndicatorDelegate.swift */ = {isa = PBXFileReference; lastKnownFileType = sourcecode.swift; path = ActivityIndicatorDelegate.swift; sourceTree = "<group>"; };
		2DE8BA1C224AF13D00352BBD /* OrderListViewModel.swift */ = {isa = PBXFileReference; lastKnownFileType = sourcecode.swift; path = OrderListViewModel.swift; sourceTree = "<group>"; };
		48B56756712124EEDAC1CFFD /* Pods-WirecardTestUITests.debug.xcconfig */ = {isa = PBXFileReference; includeInIndex = 1; lastKnownFileType = text.xcconfig; name = "Pods-WirecardTestUITests.debug.xcconfig"; path = "Pods/Target Support Files/Pods-WirecardTestUITests/Pods-WirecardTestUITests.debug.xcconfig"; sourceTree = "<group>"; };
		50CCDAF7B4259EC65603D683 /* Pods_WirecardTestUITests.framework */ = {isa = PBXFileReference; explicitFileType = wrapper.framework; includeInIndex = 0; path = Pods_WirecardTestUITests.framework; sourceTree = BUILT_PRODUCTS_DIR; };
		581730FF2028370D8813FAE4 /* Pods-WirecardTest.debug.xcconfig */ = {isa = PBXFileReference; includeInIndex = 1; lastKnownFileType = text.xcconfig; name = "Pods-WirecardTest.debug.xcconfig"; path = "Pods/Target Support Files/Pods-WirecardTest/Pods-WirecardTest.debug.xcconfig"; sourceTree = "<group>"; };
		7F67B381B94D644FFD11E33D /* Pods-WirecardTestTests.debug.xcconfig */ = {isa = PBXFileReference; includeInIndex = 1; lastKnownFileType = text.xcconfig; name = "Pods-WirecardTestTests.debug.xcconfig"; path = "Pods/Target Support Files/Pods-WirecardTestTests/Pods-WirecardTestTests.debug.xcconfig"; sourceTree = "<group>"; };
		877FCE9FD03AB2D0483AACF7 /* Pods-WirecardTest.release.xcconfig */ = {isa = PBXFileReference; includeInIndex = 1; lastKnownFileType = text.xcconfig; name = "Pods-WirecardTest.release.xcconfig"; path = "Pods/Target Support Files/Pods-WirecardTest/Pods-WirecardTest.release.xcconfig"; sourceTree = "<group>"; };
		B52C91E482BD44162A10E8FA /* Pods_WirecardTest.framework */ = {isa = PBXFileReference; explicitFileType = wrapper.framework; includeInIndex = 0; path = Pods_WirecardTest.framework; sourceTree = BUILT_PRODUCTS_DIR; };
		D5EFFA3523D54CBF68A56D7B /* Pods_WirecardTestTests.framework */ = {isa = PBXFileReference; explicitFileType = wrapper.framework; includeInIndex = 0; path = Pods_WirecardTestTests.framework; sourceTree = BUILT_PRODUCTS_DIR; };
		F0B6C3780F20FA532910FFAE /* Pods-WirecardTestTests.release.xcconfig */ = {isa = PBXFileReference; includeInIndex = 1; lastKnownFileType = text.xcconfig; name = "Pods-WirecardTestTests.release.xcconfig"; path = "Pods/Target Support Files/Pods-WirecardTestTests/Pods-WirecardTestTests.release.xcconfig"; sourceTree = "<group>"; };
/* End PBXFileReference section */

/* Begin PBXFrameworksBuildPhase section */
		2DD1932022430E4A00304761 /* Frameworks */ = {
			isa = PBXFrameworksBuildPhase;
			buildActionMask = 2147483647;
			files = (
				7F329D25DCBFC65B73510BF3 /* Pods_WirecardTest.framework in Frameworks */,
			);
			runOnlyForDeploymentPostprocessing = 0;
		};
		2DD1933722430E4C00304761 /* Frameworks */ = {
			isa = PBXFrameworksBuildPhase;
			buildActionMask = 2147483647;
			files = (
				6902BD8C6FFECFCD84E33123 /* Pods_WirecardTestTests.framework in Frameworks */,
			);
			runOnlyForDeploymentPostprocessing = 0;
		};
		2DD1934222430E4C00304761 /* Frameworks */ = {
			isa = PBXFrameworksBuildPhase;
			buildActionMask = 2147483647;
			files = (
				A7B486FC22E757AD29A4C9F9 /* Pods_WirecardTestUITests.framework in Frameworks */,
			);
			runOnlyForDeploymentPostprocessing = 0;
		};
/* End PBXFrameworksBuildPhase section */

/* Begin PBXGroup section */
		2D6852CF224439FF002CFB55 /* Customs */ = {
			isa = PBXGroup;
			children = (
				2D6852D422444D62002CFB55 /* TextFieldCustom.swift */,
				2DAF60A8224DAB0F00F23689 /* CustomTypes.swift */,
				2D7C15D72251496D00A0EEF7 /* BorderedLabel.swift */,
			);
			path = Customs;
			sourceTree = "<group>";
		};
		2DD1931A22430E4A00304761 = {
			isa = PBXGroup;
			children = (
				2DD1932522430E4A00304761 /* WirecardTest */,
				2DD1933D22430E4C00304761 /* WirecardTestTests */,
				2DD1934822430E4C00304761 /* WirecardTestUITests */,
				2DD1932422430E4A00304761 /* Products */,
				6F7CD67CBCE61A84D8661C2A /* Pods */,
				D790BE60A64EB66A46AF7CF6 /* Frameworks */,
			);
			sourceTree = "<group>";
		};
		2DD1932422430E4A00304761 /* Products */ = {
			isa = PBXGroup;
			children = (
				2DD1932322430E4A00304761 /* WirecardTest.app */,
				2DD1933A22430E4C00304761 /* WirecardTestTests.xctest */,
				2DD1934522430E4C00304761 /* WirecardTestUITests.xctest */,
			);
			name = Products;
			sourceTree = "<group>";
		};
		2DD1932522430E4A00304761 /* WirecardTest */ = {
			isa = PBXGroup;
			children = (
				2DE8BA19224AE33C00352BBD /* Protocols */,
				2D6852CF224439FF002CFB55 /* Customs */,
				2DD1935D224316FD00304761 /* Storyboards */,
				2DD1935C224316F500304761 /* Views */,
				2DD1935B224316E400304761 /* Supporting Files */,
				2DD1935A2243168F00304761 /* Services */,
				2DD193592243168800304761 /* ViewModels */,
				2DD193582243167E00304761 /* ViewControllers */,
				2DD193572243161B00304761 /* Models */,
			);
			path = WirecardTest;
			sourceTree = "<group>";
		};
		2DD1933D22430E4C00304761 /* WirecardTestTests */ = {
			isa = PBXGroup;
			children = (
				2DD1933E22430E4C00304761 /* WirecardTestTests.swift */,
				2DD1934022430E4C00304761 /* Info.plist */,
			);
			path = WirecardTestTests;
			sourceTree = "<group>";
		};
		2DD1934822430E4C00304761 /* WirecardTestUITests */ = {
			isa = PBXGroup;
			children = (
				2DD1934922430E4C00304761 /* WirecardTestUITests.swift */,
				2DD1934B22430E4C00304761 /* Info.plist */,
			);
			path = WirecardTestUITests;
			sourceTree = "<group>";
		};
		2DD193572243161B00304761 /* Models */ = {
			isa = PBXGroup;
			children = (
				2D6852CD224433E8002CFB55 /* Token.swift */,
				2D965B43224C19E10035D72E /* Order.swift */,
				2D52D17E22506D3A00495843 /* OrderDetail.swift */,
			);
			path = Models;
			sourceTree = "<group>";
		};
		2DD193582243167E00304761 /* ViewControllers */ = {
			isa = PBXGroup;
			children = (
				2DD1932822430E4A00304761 /* LoginViewController.swift */,
				2D6852D62245A215002CFB55 /* LoginViewController+LoginViewDelegate.swift */,
				2D6852DD2245F4BA002CFB55 /* OrderListViewController.swift */,
				2DAF60A6224D6DF200F23689 /* OrderListViewController+TableView.swift */,
				2DE8BA17224AE1A100352BBD /* OrderListViewController+OrderListDelegate.swift */,
				2D52D17A22505E9B00495843 /* OrderDetailViewController.swift */,
				2D7C15D92251577500A0EEF7 /* OrderDetailViewController+DetailViewDelgate.swift */,
			);
			path = ViewControllers;
			sourceTree = "<group>";
		};
		2DD193592243168800304761 /* ViewModels */ = {
			isa = PBXGroup;
			children = (
				2D6852D82245A33B002CFB55 /* LoginViewModel.swift */,
				2DE8BA1C224AF13D00352BBD /* OrderListViewModel.swift */,
				2D52D17C2250674400495843 /* OrderDetailViewModel.swift */,
			);
			path = ViewModels;
			sourceTree = "<group>";
		};
		2DD1935A2243168F00304761 /* Services */ = {
			isa = PBXGroup;
			children = (
				2D42466722431ACB0016AF5D /* APIManager.swift */,
			);
			path = Services;
			sourceTree = "<group>";
		};
		2DD1935B224316E400304761 /* Supporting Files */ = {
			isa = PBXGroup;
			children = (
				2DD1932622430E4A00304761 /* AppDelegate.swift */,
				2DD1933022430E4C00304761 /* Assets.xcassets */,
				2DD1933522430E4C00304761 /* Info.plist */,
				2DD1932D22430E4A00304761 /* WirecardTest.xcdatamodeld */,
			);
			path = "Supporting Files";
			sourceTree = "<group>";
		};
		2DD1935C224316F500304761 /* Views */ = {
			isa = PBXGroup;
			children = (
				2DAF60A3224D6B4600F23689 /* OrderCell.swift */,
			);
			path = Views;
			sourceTree = "<group>";
		};
		2DD1935D224316FD00304761 /* Storyboards */ = {
			isa = PBXGroup;
			children = (
				2DD1932A22430E4A00304761 /* Main.storyboard */,
				2DD1933222430E4C00304761 /* LaunchScreen.storyboard */,
			);
			path = Storyboards;
			sourceTree = "<group>";
		};
		2DE8BA19224AE33C00352BBD /* Protocols */ = {
			isa = PBXGroup;
			children = (
				2DE8BA1A224AE38A00352BBD /* ActivityIndicatorDelegate.swift */,
			);
			path = Protocols;
			sourceTree = "<group>";
		};
		6F7CD67CBCE61A84D8661C2A /* Pods */ = {
			isa = PBXGroup;
			children = (
				581730FF2028370D8813FAE4 /* Pods-WirecardTest.debug.xcconfig */,
				877FCE9FD03AB2D0483AACF7 /* Pods-WirecardTest.release.xcconfig */,
				7F67B381B94D644FFD11E33D /* Pods-WirecardTestTests.debug.xcconfig */,
				F0B6C3780F20FA532910FFAE /* Pods-WirecardTestTests.release.xcconfig */,
				48B56756712124EEDAC1CFFD /* Pods-WirecardTestUITests.debug.xcconfig */,
				28EAB55446FB1768ABBA3C11 /* Pods-WirecardTestUITests.release.xcconfig */,
			);
			name = Pods;
			sourceTree = "<group>";
		};
		D790BE60A64EB66A46AF7CF6 /* Frameworks */ = {
			isa = PBXGroup;
			children = (
				B52C91E482BD44162A10E8FA /* Pods_WirecardTest.framework */,
				D5EFFA3523D54CBF68A56D7B /* Pods_WirecardTestTests.framework */,
				50CCDAF7B4259EC65603D683 /* Pods_WirecardTestUITests.framework */,
			);
			name = Frameworks;
			sourceTree = "<group>";
		};
/* End PBXGroup section */

/* Begin PBXNativeTarget section */
		2DD1932222430E4A00304761 /* WirecardTest */ = {
			isa = PBXNativeTarget;
			buildConfigurationList = 2DD1934E22430E4C00304761 /* Build configuration list for PBXNativeTarget "WirecardTest" */;
			buildPhases = (
				A15A15A96BA9CDE20BEEF1D0 /* [CP] Check Pods Manifest.lock */,
				2DD1931F22430E4A00304761 /* Sources */,
				2DD1932022430E4A00304761 /* Frameworks */,
				2DD1932122430E4A00304761 /* Resources */,
				DF84DB43A42C6E112DF7CB96 /* [CP] Embed Pods Frameworks */,
			);
			buildRules = (
			);
			dependencies = (
			);
			name = WirecardTest;
			productName = WirecardTest;
			productReference = 2DD1932322430E4A00304761 /* WirecardTest.app */;
			productType = "com.apple.product-type.application";
		};
		2DD1933922430E4C00304761 /* WirecardTestTests */ = {
			isa = PBXNativeTarget;
			buildConfigurationList = 2DD1935122430E4C00304761 /* Build configuration list for PBXNativeTarget "WirecardTestTests" */;
			buildPhases = (
				AE87E60C872ACA9F1C6D0CEE /* [CP] Check Pods Manifest.lock */,
				2DD1933622430E4C00304761 /* Sources */,
				2DD1933722430E4C00304761 /* Frameworks */,
				2DD1933822430E4C00304761 /* Resources */,
			);
			buildRules = (
			);
			dependencies = (
				2DD1933C22430E4C00304761 /* PBXTargetDependency */,
			);
			name = WirecardTestTests;
			productName = WirecardTestTests;
			productReference = 2DD1933A22430E4C00304761 /* WirecardTestTests.xctest */;
			productType = "com.apple.product-type.bundle.unit-test";
		};
		2DD1934422430E4C00304761 /* WirecardTestUITests */ = {
			isa = PBXNativeTarget;
			buildConfigurationList = 2DD1935422430E4C00304761 /* Build configuration list for PBXNativeTarget "WirecardTestUITests" */;
			buildPhases = (
				075485993EB23F6D4FDE85A5 /* [CP] Check Pods Manifest.lock */,
				2DD1934122430E4C00304761 /* Sources */,
				2DD1934222430E4C00304761 /* Frameworks */,
				2DD1934322430E4C00304761 /* Resources */,
			);
			buildRules = (
			);
			dependencies = (
				2DD1934722430E4C00304761 /* PBXTargetDependency */,
			);
			name = WirecardTestUITests;
			productName = WirecardTestUITests;
			productReference = 2DD1934522430E4C00304761 /* WirecardTestUITests.xctest */;
			productType = "com.apple.product-type.bundle.ui-testing";
		};
/* End PBXNativeTarget section */

/* Begin PBXProject section */
		2DD1931B22430E4A00304761 /* Project object */ = {
			isa = PBXProject;
			attributes = {
				LastSwiftUpdateCheck = 1000;
				LastUpgradeCheck = 1000;
				ORGANIZATIONNAME = "Thiago Cavalcante de Oliveira";
				TargetAttributes = {
					2DD1932222430E4A00304761 = {
						CreatedOnToolsVersion = 10.0;
					};
					2DD1933922430E4C00304761 = {
						CreatedOnToolsVersion = 10.0;
						TestTargetID = 2DD1932222430E4A00304761;
					};
					2DD1934422430E4C00304761 = {
						CreatedOnToolsVersion = 10.0;
						TestTargetID = 2DD1932222430E4A00304761;
					};
				};
			};
			buildConfigurationList = 2DD1931E22430E4A00304761 /* Build configuration list for PBXProject "WirecardTest" */;
			compatibilityVersion = "Xcode 9.3";
			developmentRegion = en;
			hasScannedForEncodings = 0;
			knownRegions = (
				en,
				Base,
			);
			mainGroup = 2DD1931A22430E4A00304761;
			productRefGroup = 2DD1932422430E4A00304761 /* Products */;
			projectDirPath = "";
			projectRoot = "";
			targets = (
				2DD1932222430E4A00304761 /* WirecardTest */,
				2DD1933922430E4C00304761 /* WirecardTestTests */,
				2DD1934422430E4C00304761 /* WirecardTestUITests */,
			);
		};
/* End PBXProject section */

/* Begin PBXResourcesBuildPhase section */
		2DD1932122430E4A00304761 /* Resources */ = {
			isa = PBXResourcesBuildPhase;
			buildActionMask = 2147483647;
			files = (
				2DD1933422430E4C00304761 /* LaunchScreen.storyboard in Resources */,
				2DD1933122430E4C00304761 /* Assets.xcassets in Resources */,
				2DD1932C22430E4A00304761 /* Main.storyboard in Resources */,
			);
			runOnlyForDeploymentPostprocessing = 0;
		};
		2DD1933822430E4C00304761 /* Resources */ = {
			isa = PBXResourcesBuildPhase;
			buildActionMask = 2147483647;
			files = (
			);
			runOnlyForDeploymentPostprocessing = 0;
		};
		2DD1934322430E4C00304761 /* Resources */ = {
			isa = PBXResourcesBuildPhase;
			buildActionMask = 2147483647;
			files = (
			);
			runOnlyForDeploymentPostprocessing = 0;
		};
/* End PBXResourcesBuildPhase section */

/* Begin PBXShellScriptBuildPhase section */
		075485993EB23F6D4FDE85A5 /* [CP] Check Pods Manifest.lock */ = {
			isa = PBXShellScriptBuildPhase;
			buildActionMask = 2147483647;
			files = (
			);
			inputFileListPaths = (
			);
			inputPaths = (
				"${PODS_PODFILE_DIR_PATH}/Podfile.lock",
				"${PODS_ROOT}/Manifest.lock",
			);
			name = "[CP] Check Pods Manifest.lock";
			outputFileListPaths = (
			);
			outputPaths = (
				"$(DERIVED_FILE_DIR)/Pods-WirecardTestUITests-checkManifestLockResult.txt",
			);
			runOnlyForDeploymentPostprocessing = 0;
			shellPath = /bin/sh;
			shellScript = "diff \"${PODS_PODFILE_DIR_PATH}/Podfile.lock\" \"${PODS_ROOT}/Manifest.lock\" > /dev/null\nif [ $? != 0 ] ; then\n    # print error to STDERR\n    echo \"error: The sandbox is not in sync with the Podfile.lock. Run 'pod install' or update your CocoaPods installation.\" >&2\n    exit 1\nfi\n# This output is used by Xcode 'outputs' to avoid re-running this script phase.\necho \"SUCCESS\" > \"${SCRIPT_OUTPUT_FILE_0}\"\n";
			showEnvVarsInLog = 0;
		};
		A15A15A96BA9CDE20BEEF1D0 /* [CP] Check Pods Manifest.lock */ = {
			isa = PBXShellScriptBuildPhase;
			buildActionMask = 2147483647;
			files = (
			);
			inputFileListPaths = (
			);
			inputPaths = (
				"${PODS_PODFILE_DIR_PATH}/Podfile.lock",
				"${PODS_ROOT}/Manifest.lock",
			);
			name = "[CP] Check Pods Manifest.lock";
			outputFileListPaths = (
			);
			outputPaths = (
				"$(DERIVED_FILE_DIR)/Pods-WirecardTest-checkManifestLockResult.txt",
			);
			runOnlyForDeploymentPostprocessing = 0;
			shellPath = /bin/sh;
			shellScript = "diff \"${PODS_PODFILE_DIR_PATH}/Podfile.lock\" \"${PODS_ROOT}/Manifest.lock\" > /dev/null\nif [ $? != 0 ] ; then\n    # print error to STDERR\n    echo \"error: The sandbox is not in sync with the Podfile.lock. Run 'pod install' or update your CocoaPods installation.\" >&2\n    exit 1\nfi\n# This output is used by Xcode 'outputs' to avoid re-running this script phase.\necho \"SUCCESS\" > \"${SCRIPT_OUTPUT_FILE_0}\"\n";
			showEnvVarsInLog = 0;
		};
		AE87E60C872ACA9F1C6D0CEE /* [CP] Check Pods Manifest.lock */ = {
			isa = PBXShellScriptBuildPhase;
			buildActionMask = 2147483647;
			files = (
			);
			inputFileListPaths = (
			);
			inputPaths = (
				"${PODS_PODFILE_DIR_PATH}/Podfile.lock",
				"${PODS_ROOT}/Manifest.lock",
			);
			name = "[CP] Check Pods Manifest.lock";
			outputFileListPaths = (
			);
			outputPaths = (
				"$(DERIVED_FILE_DIR)/Pods-WirecardTestTests-checkManifestLockResult.txt",
			);
			runOnlyForDeploymentPostprocessing = 0;
			shellPath = /bin/sh;
			shellScript = "diff \"${PODS_PODFILE_DIR_PATH}/Podfile.lock\" \"${PODS_ROOT}/Manifest.lock\" > /dev/null\nif [ $? != 0 ] ; then\n    # print error to STDERR\n    echo \"error: The sandbox is not in sync with the Podfile.lock. Run 'pod install' or update your CocoaPods installation.\" >&2\n    exit 1\nfi\n# This output is used by Xcode 'outputs' to avoid re-running this script phase.\necho \"SUCCESS\" > \"${SCRIPT_OUTPUT_FILE_0}\"\n";
			showEnvVarsInLog = 0;
		};
		DF84DB43A42C6E112DF7CB96 /* [CP] Embed Pods Frameworks */ = {
			isa = PBXShellScriptBuildPhase;
			buildActionMask = 2147483647;
			files = (
			);
			inputFileListPaths = (
			);
			inputPaths = (
				"${SRCROOT}/Pods/Target Support Files/Pods-WirecardTest/Pods-WirecardTest-frameworks.sh",
				"${BUILT_PRODUCTS_DIR}/Alamofire/Alamofire.framework",
				"${BUILT_PRODUCTS_DIR}/IQKeyboardManagerSwift/IQKeyboardManagerSwift.framework",
				"${BUILT_PRODUCTS_DIR}/Money/Money.framework",
				"${BUILT_PRODUCTS_DIR}/ValueCoding/ValueCoding.framework",
			);
			name = "[CP] Embed Pods Frameworks";
			outputFileListPaths = (
			);
			outputPaths = (
				"${TARGET_BUILD_DIR}/${FRAMEWORKS_FOLDER_PATH}/Alamofire.framework",
				"${TARGET_BUILD_DIR}/${FRAMEWORKS_FOLDER_PATH}/IQKeyboardManagerSwift.framework",
				"${TARGET_BUILD_DIR}/${FRAMEWORKS_FOLDER_PATH}/Money.framework",
				"${TARGET_BUILD_DIR}/${FRAMEWORKS_FOLDER_PATH}/ValueCoding.framework",
			);
			runOnlyForDeploymentPostprocessing = 0;
			shellPath = /bin/sh;
			shellScript = "\"${SRCROOT}/Pods/Target Support Files/Pods-WirecardTest/Pods-WirecardTest-frameworks.sh\"\n";
			showEnvVarsInLog = 0;
		};
/* End PBXShellScriptBuildPhase section */

/* Begin PBXSourcesBuildPhase section */
		2DD1931F22430E4A00304761 /* Sources */ = {
			isa = PBXSourcesBuildPhase;
			buildActionMask = 2147483647;
			files = (
				2D42466822431ACB0016AF5D /* APIManager.swift in Sources */,
				2D52D17F22506D3A00495843 /* OrderDetail.swift in Sources */,
				2DE8BA1B224AE38A00352BBD /* ActivityIndicatorDelegate.swift in Sources */,
				2D6852D72245A215002CFB55 /* LoginViewController+LoginViewDelegate.swift in Sources */,
				2DE8BA1D224AF13D00352BBD /* OrderListViewModel.swift in Sources */,
				2D52D17D2250674400495843 /* OrderDetailViewModel.swift in Sources */,
				2D6852CE224433E8002CFB55 /* Token.swift in Sources */,
				2DAF60A4224D6B4600F23689 /* OrderCell.swift in Sources */,
				2D6852DE2245F4BA002CFB55 /* OrderListViewController.swift in Sources */,
				2D6852D522444D62002CFB55 /* TextFieldCustom.swift in Sources */,
				2DAF60A9224DAB0F00F23689 /* CustomTypes.swift in Sources */,
				2D52D17B22505E9B00495843 /* OrderDetailViewController.swift in Sources */,
				2D6852D92245A33B002CFB55 /* LoginViewModel.swift in Sources */,
				2D7C15D82251496D00A0EEF7 /* BorderedLabel.swift in Sources */,
				2DD1932922430E4A00304761 /* LoginViewController.swift in Sources */,
				2DE8BA18224AE1A100352BBD /* OrderListViewController+OrderListDelegate.swift in Sources */,
				2D965B44224C19E10035D72E /* Order.swift in Sources */,
				2DAF60A7224D6DF200F23689 /* OrderListViewController+TableView.swift in Sources */,
				2DD1932722430E4A00304761 /* AppDelegate.swift in Sources */,
				2DD1932F22430E4A00304761 /* WirecardTest.xcdatamodeld in Sources */,
				2D7C15DA2251577500A0EEF7 /* OrderDetailViewController+DetailViewDelgate.swift in Sources */,
			);
			runOnlyForDeploymentPostprocessing = 0;
		};
		2DD1933622430E4C00304761 /* Sources */ = {
			isa = PBXSourcesBuildPhase;
			buildActionMask = 2147483647;
			files = (
				2DD1933F22430E4C00304761 /* WirecardTestTests.swift in Sources */,
			);
			runOnlyForDeploymentPostprocessing = 0;
		};
		2DD1934122430E4C00304761 /* Sources */ = {
			isa = PBXSourcesBuildPhase;
			buildActionMask = 2147483647;
			files = (
				2DD1934A22430E4C00304761 /* WirecardTestUITests.swift in Sources */,
			);
			runOnlyForDeploymentPostprocessing = 0;
		};
/* End PBXSourcesBuildPhase section */

/* Begin PBXTargetDependency section */
		2DD1933C22430E4C00304761 /* PBXTargetDependency */ = {
			isa = PBXTargetDependency;
			target = 2DD1932222430E4A00304761 /* WirecardTest */;
			targetProxy = 2DD1933B22430E4C00304761 /* PBXContainerItemProxy */;
		};
		2DD1934722430E4C00304761 /* PBXTargetDependency */ = {
			isa = PBXTargetDependency;
			target = 2DD1932222430E4A00304761 /* WirecardTest */;
			targetProxy = 2DD1934622430E4C00304761 /* PBXContainerItemProxy */;
		};
/* End PBXTargetDependency section */

/* Begin PBXVariantGroup section */
		2DD1932A22430E4A00304761 /* Main.storyboard */ = {
			isa = PBXVariantGroup;
			children = (
				2DD1932B22430E4A00304761 /* Base */,
			);
			name = Main.storyboard;
			sourceTree = "<group>";
		};
		2DD1933222430E4C00304761 /* LaunchScreen.storyboard */ = {
			isa = PBXVariantGroup;
			children = (
				2DD1933322430E4C00304761 /* Base */,
			);
			name = LaunchScreen.storyboard;
			sourceTree = "<group>";
		};
/* End PBXVariantGroup section */

/* Begin XCBuildConfiguration section */
		2DD1934C22430E4C00304761 /* Debug */ = {
			isa = XCBuildConfiguration;
			buildSettings = {
				ALWAYS_SEARCH_USER_PATHS = NO;
				CLANG_ANALYZER_NONNULL = YES;
				CLANG_ANALYZER_NUMBER_OBJECT_CONVERSION = YES_AGGRESSIVE;
				CLANG_CXX_LANGUAGE_STANDARD = "gnu++14";
				CLANG_CXX_LIBRARY = "libc++";
				CLANG_ENABLE_MODULES = YES;
				CLANG_ENABLE_OBJC_ARC = YES;
				CLANG_ENABLE_OBJC_WEAK = YES;
				CLANG_WARN_BLOCK_CAPTURE_AUTORELEASING = YES;
				CLANG_WARN_BOOL_CONVERSION = YES;
				CLANG_WARN_COMMA = YES;
				CLANG_WARN_CONSTANT_CONVERSION = YES;
				CLANG_WARN_DEPRECATED_OBJC_IMPLEMENTATIONS = YES;
				CLANG_WARN_DIRECT_OBJC_ISA_USAGE = YES_ERROR;
				CLANG_WARN_DOCUMENTATION_COMMENTS = YES;
				CLANG_WARN_EMPTY_BODY = YES;
				CLANG_WARN_ENUM_CONVERSION = YES;
				CLANG_WARN_INFINITE_RECURSION = YES;
				CLANG_WARN_INT_CONVERSION = YES;
				CLANG_WARN_NON_LITERAL_NULL_CONVERSION = YES;
				CLANG_WARN_OBJC_IMPLICIT_RETAIN_SELF = YES;
				CLANG_WARN_OBJC_LITERAL_CONVERSION = YES;
				CLANG_WARN_OBJC_ROOT_CLASS = YES_ERROR;
				CLANG_WARN_RANGE_LOOP_ANALYSIS = YES;
				CLANG_WARN_STRICT_PROTOTYPES = YES;
				CLANG_WARN_SUSPICIOUS_MOVE = YES;
				CLANG_WARN_UNGUARDED_AVAILABILITY = YES_AGGRESSIVE;
				CLANG_WARN_UNREACHABLE_CODE = YES;
				CLANG_WARN__DUPLICATE_METHOD_MATCH = YES;
				CODE_SIGN_IDENTITY = "iPhone Developer";
				COPY_PHASE_STRIP = NO;
				DEBUG_INFORMATION_FORMAT = dwarf;
				ENABLE_STRICT_OBJC_MSGSEND = YES;
				ENABLE_TESTABILITY = YES;
				GCC_C_LANGUAGE_STANDARD = gnu11;
				GCC_DYNAMIC_NO_PIC = NO;
				GCC_NO_COMMON_BLOCKS = YES;
				GCC_OPTIMIZATION_LEVEL = 0;
				GCC_PREPROCESSOR_DEFINITIONS = (
					"DEBUG=1",
					"$(inherited)",
				);
				GCC_WARN_64_TO_32_BIT_CONVERSION = YES;
				GCC_WARN_ABOUT_RETURN_TYPE = YES_ERROR;
				GCC_WARN_UNDECLARED_SELECTOR = YES;
				GCC_WARN_UNINITIALIZED_AUTOS = YES_AGGRESSIVE;
				GCC_WARN_UNUSED_FUNCTION = YES;
				GCC_WARN_UNUSED_VARIABLE = YES;
				IPHONEOS_DEPLOYMENT_TARGET = 12.0;
				MTL_ENABLE_DEBUG_INFO = INCLUDE_SOURCE;
				MTL_FAST_MATH = YES;
				ONLY_ACTIVE_ARCH = YES;
				SDKROOT = iphoneos;
				SWIFT_ACTIVE_COMPILATION_CONDITIONS = DEBUG;
				SWIFT_OPTIMIZATION_LEVEL = "-Onone";
			};
			name = Debug;
		};
		2DD1934D22430E4C00304761 /* Release */ = {
			isa = XCBuildConfiguration;
			buildSettings = {
				ALWAYS_SEARCH_USER_PATHS = NO;
				CLANG_ANALYZER_NONNULL = YES;
				CLANG_ANALYZER_NUMBER_OBJECT_CONVERSION = YES_AGGRESSIVE;
				CLANG_CXX_LANGUAGE_STANDARD = "gnu++14";
				CLANG_CXX_LIBRARY = "libc++";
				CLANG_ENABLE_MODULES = YES;
				CLANG_ENABLE_OBJC_ARC = YES;
				CLANG_ENABLE_OBJC_WEAK = YES;
				CLANG_WARN_BLOCK_CAPTURE_AUTORELEASING = YES;
				CLANG_WARN_BOOL_CONVERSION = YES;
				CLANG_WARN_COMMA = YES;
				CLANG_WARN_CONSTANT_CONVERSION = YES;
				CLANG_WARN_DEPRECATED_OBJC_IMPLEMENTATIONS = YES;
				CLANG_WARN_DIRECT_OBJC_ISA_USAGE = YES_ERROR;
				CLANG_WARN_DOCUMENTATION_COMMENTS = YES;
				CLANG_WARN_EMPTY_BODY = YES;
				CLANG_WARN_ENUM_CONVERSION = YES;
				CLANG_WARN_INFINITE_RECURSION = YES;
				CLANG_WARN_INT_CONVERSION = YES;
				CLANG_WARN_NON_LITERAL_NULL_CONVERSION = YES;
				CLANG_WARN_OBJC_IMPLICIT_RETAIN_SELF = YES;
				CLANG_WARN_OBJC_LITERAL_CONVERSION = YES;
				CLANG_WARN_OBJC_ROOT_CLASS = YES_ERROR;
				CLANG_WARN_RANGE_LOOP_ANALYSIS = YES;
				CLANG_WARN_STRICT_PROTOTYPES = YES;
				CLANG_WARN_SUSPICIOUS_MOVE = YES;
				CLANG_WARN_UNGUARDED_AVAILABILITY = YES_AGGRESSIVE;
				CLANG_WARN_UNREACHABLE_CODE = YES;
				CLANG_WARN__DUPLICATE_METHOD_MATCH = YES;
				CODE_SIGN_IDENTITY = "iPhone Developer";
				COPY_PHASE_STRIP = NO;
				DEBUG_INFORMATION_FORMAT = "dwarf-with-dsym";
				ENABLE_NS_ASSERTIONS = NO;
				ENABLE_STRICT_OBJC_MSGSEND = YES;
				GCC_C_LANGUAGE_STANDARD = gnu11;
				GCC_NO_COMMON_BLOCKS = YES;
				GCC_WARN_64_TO_32_BIT_CONVERSION = YES;
				GCC_WARN_ABOUT_RETURN_TYPE = YES_ERROR;
				GCC_WARN_UNDECLARED_SELECTOR = YES;
				GCC_WARN_UNINITIALIZED_AUTOS = YES_AGGRESSIVE;
				GCC_WARN_UNUSED_FUNCTION = YES;
				GCC_WARN_UNUSED_VARIABLE = YES;
				IPHONEOS_DEPLOYMENT_TARGET = 12.0;
				MTL_ENABLE_DEBUG_INFO = NO;
				MTL_FAST_MATH = YES;
				SDKROOT = iphoneos;
				SWIFT_COMPILATION_MODE = wholemodule;
				SWIFT_OPTIMIZATION_LEVEL = "-O";
				VALIDATE_PRODUCT = YES;
			};
			name = Release;
		};
		2DD1934F22430E4C00304761 /* Debug */ = {
			isa = XCBuildConfiguration;
			baseConfigurationReference = 581730FF2028370D8813FAE4 /* Pods-WirecardTest.debug.xcconfig */;
			buildSettings = {
				ASSETCATALOG_COMPILER_APPICON_NAME = AppIcon;
				CODE_SIGN_STYLE = Automatic;
				DEVELOPMENT_TEAM = M8UJX898RF;
				INFOPLIST_FILE = "$(SRCROOT)/WirecardTest/Supporting Files/Info.plist";
				LD_RUNPATH_SEARCH_PATHS = (
					"$(inherited)",
					"@executable_path/Frameworks",
				);
				PRODUCT_BUNDLE_IDENTIFIER = br.com.WirecardTest;
				PRODUCT_NAME = "$(TARGET_NAME)";
				SWIFT_VERSION = 4.2;
				TARGETED_DEVICE_FAMILY = "1,2";
			};
			name = Debug;
		};
		2DD1935022430E4C00304761 /* Release */ = {
			isa = XCBuildConfiguration;
			baseConfigurationReference = 877FCE9FD03AB2D0483AACF7 /* Pods-WirecardTest.release.xcconfig */;
			buildSettings = {
				ASSETCATALOG_COMPILER_APPICON_NAME = AppIcon;
				CODE_SIGN_STYLE = Automatic;
				DEVELOPMENT_TEAM = M8UJX898RF;
				INFOPLIST_FILE = "$(SRCROOT)/WirecardTest/Supporting Files/Info.plist";
				LD_RUNPATH_SEARCH_PATHS = (
					"$(inherited)",
					"@executable_path/Frameworks",
				);
				PRODUCT_BUNDLE_IDENTIFIER = br.com.WirecardTest;
				PRODUCT_NAME = "$(TARGET_NAME)";
				SWIFT_VERSION = 4.2;
				TARGETED_DEVICE_FAMILY = "1,2";
			};
			name = Release;
		};
		2DD1935222430E4C00304761 /* Debug */ = {
			isa = XCBuildConfiguration;
			baseConfigurationReference = 7F67B381B94D644FFD11E33D /* Pods-WirecardTestTests.debug.xcconfig */;
			buildSettings = {
				ALWAYS_EMBED_SWIFT_STANDARD_LIBRARIES = YES;
				BUNDLE_LOADER = "$(TEST_HOST)";
				CODE_SIGN_STYLE = Automatic;
				DEVELOPMENT_TEAM = M8UJX898RF;
				INFOPLIST_FILE = WirecardTestTests/Info.plist;
				LD_RUNPATH_SEARCH_PATHS = (
					"$(inherited)",
					"@executable_path/Frameworks",
					"@loader_path/Frameworks",
				);
				PRODUCT_BUNDLE_IDENTIFIER = br.com.alura.WirecardTestTests;
				PRODUCT_NAME = "$(TARGET_NAME)";
				SWIFT_VERSION = 4.2;
				TARGETED_DEVICE_FAMILY = "1,2";
				TEST_HOST = "$(BUILT_PRODUCTS_DIR)/WirecardTest.app/WirecardTest";
			};
			name = Debug;
		};
		2DD1935322430E4C00304761 /* Release */ = {
			isa = XCBuildConfiguration;
			baseConfigurationReference = F0B6C3780F20FA532910FFAE /* Pods-WirecardTestTests.release.xcconfig */;
			buildSettings = {
				ALWAYS_EMBED_SWIFT_STANDARD_LIBRARIES = YES;
				BUNDLE_LOADER = "$(TEST_HOST)";
				CODE_SIGN_STYLE = Automatic;
				DEVELOPMENT_TEAM = M8UJX898RF;
				INFOPLIST_FILE = WirecardTestTests/Info.plist;
				LD_RUNPATH_SEARCH_PATHS = (
					"$(inherited)",
					"@executable_path/Frameworks",
					"@loader_path/Frameworks",
				);
				PRODUCT_BUNDLE_IDENTIFIER = br.com.alura.WirecardTestTests;
				PRODUCT_NAME = "$(TARGET_NAME)";
				SWIFT_VERSION = 4.2;
				TARGETED_DEVICE_FAMILY = "1,2";
				TEST_HOST = "$(BUILT_PRODUCTS_DIR)/WirecardTest.app/WirecardTest";
			};
			name = Release;
		};
		2DD1935522430E4C00304761 /* Debug */ = {
			isa = XCBuildConfiguration;
			baseConfigurationReference = 48B56756712124EEDAC1CFFD /* Pods-WirecardTestUITests.debug.xcconfig */;
			buildSettings = {
				ALWAYS_EMBED_SWIFT_STANDARD_LIBRARIES = YES;
				CODE_SIGN_STYLE = Automatic;
				DEVELOPMENT_TEAM = M8UJX898RF;
				INFOPLIST_FILE = WirecardTestUITests/Info.plist;
				LD_RUNPATH_SEARCH_PATHS = (
					"$(inherited)",
					"@executable_path/Frameworks",
					"@loader_path/Frameworks",
				);
				PRODUCT_BUNDLE_IDENTIFIER = br.com.alura.WirecardTestUITests;
				PRODUCT_NAME = "$(TARGET_NAME)";
				SWIFT_VERSION = 4.2;
				TARGETED_DEVICE_FAMILY = "1,2";
				TEST_TARGET_NAME = WirecardTest;
			};
			name = Debug;
		};
		2DD1935622430E4C00304761 /* Release */ = {
			isa = XCBuildConfiguration;
			baseConfigurationReference = 28EAB55446FB1768ABBA3C11 /* Pods-WirecardTestUITests.release.xcconfig */;
			buildSettings = {
				ALWAYS_EMBED_SWIFT_STANDARD_LIBRARIES = YES;
				CODE_SIGN_STYLE = Automatic;
				DEVELOPMENT_TEAM = M8UJX898RF;
				INFOPLIST_FILE = WirecardTestUITests/Info.plist;
				LD_RUNPATH_SEARCH_PATHS = (
					"$(inherited)",
					"@executable_path/Frameworks",
					"@loader_path/Frameworks",
				);
				PRODUCT_BUNDLE_IDENTIFIER = br.com.alura.WirecardTestUITests;
				PRODUCT_NAME = "$(TARGET_NAME)";
				SWIFT_VERSION = 4.2;
				TARGETED_DEVICE_FAMILY = "1,2";
				TEST_TARGET_NAME = WirecardTest;
			};
			name = Release;
		};
/* End XCBuildConfiguration section */

/* Begin XCConfigurationList section */
		2DD1931E22430E4A00304761 /* Build configuration list for PBXProject "WirecardTest" */ = {
			isa = XCConfigurationList;
			buildConfigurations = (
				2DD1934C22430E4C00304761 /* Debug */,
				2DD1934D22430E4C00304761 /* Release */,
			);
			defaultConfigurationIsVisible = 0;
			defaultConfigurationName = Release;
		};
		2DD1934E22430E4C00304761 /* Build configuration list for PBXNativeTarget "WirecardTest" */ = {
			isa = XCConfigurationList;
			buildConfigurations = (
				2DD1934F22430E4C00304761 /* Debug */,
				2DD1935022430E4C00304761 /* Release */,
			);
			defaultConfigurationIsVisible = 0;
			defaultConfigurationName = Release;
		};
		2DD1935122430E4C00304761 /* Build configuration list for PBXNativeTarget "WirecardTestTests" */ = {
			isa = XCConfigurationList;
			buildConfigurations = (
				2DD1935222430E4C00304761 /* Debug */,
				2DD1935322430E4C00304761 /* Release */,
			);
			defaultConfigurationIsVisible = 0;
			defaultConfigurationName = Release;
		};
		2DD1935422430E4C00304761 /* Build configuration list for PBXNativeTarget "WirecardTestUITests" */ = {
			isa = XCConfigurationList;
			buildConfigurations = (
				2DD1935522430E4C00304761 /* Debug */,
				2DD1935622430E4C00304761 /* Release */,
			);
			defaultConfigurationIsVisible = 0;
			defaultConfigurationName = Release;
		};
/* End XCConfigurationList section */

/* Begin XCVersionGroup section */
		2DD1932D22430E4A00304761 /* WirecardTest.xcdatamodeld */ = {
			isa = XCVersionGroup;
			children = (
				2DD1932E22430E4A00304761 /* WirecardTest.xcdatamodel */,
			);
			currentVersion = 2DD1932E22430E4A00304761 /* WirecardTest.xcdatamodel */;
			path = WirecardTest.xcdatamodeld;
			sourceTree = "<group>";
			versionGroupType = wrapper.xcdatamodel;
		};
/* End XCVersionGroup section */
	};
	rootObject = 2DD1931B22430E4A00304761 /* Project object */;
}
