PODS:
  - Alamofire (4.7.3)
  - IQKeyboardManagerSwift (6.2.0)

DEPENDENCIES:
  - Alamofire
  - IQKeyboardManagerSwift

SPEC REPOS:
  https://github.com/cocoapods/specs.git:
    - Alamofire
    - IQKeyboardManagerSwift

SPEC CHECKSUMS:
  Alamofire: c7287b6e5d7da964a70935e5db17046b7fde6568
  IQKeyboardManagerSwift: b07ccf9d8cafe993dcd6cb794eb4ba34611a0c4e

PODFILE CHECKSUM: 74958f784c7b6808f50d2217346d2a0b877158af

COCOAPODS: 1.5.3
